
Microsoft Visual Studio Solution File, Format Version 12.00
# Visual Studio Version 16
VisualStudioVersion = 16.0.29519.87
MinimumVisualStudioVersion = 10.0.40219.1
Project("{FAE04EC0-301F-11D3-BF4B-00C04F79EFBC}") = "AccentureAccaBookStore", "AccentureAccaBookStore\AccentureAccaBookStore.csproj", "{90798C9C-E365-4B25-BAB0-878F078D23D3}"
EndProject
Global
	GlobalSection(SolutionConfigurationPlatforms) = preSolution
		Debug|Any CPU = Debug|Any CPU
		Release|Any CPU = Release|Any CPU
	EndGlobalSection
	GlobalSection(ProjectConfigurationPlatforms) = postSolution
		{90798C9C-E365-4B25-BAB0-878F078D23D3}.Debug|Any CPU.ActiveCfg = Debug|Any CPU
		{90798C9C-E365-4B25-BAB0-878F078D23D3}.Debug|Any CPU.Build.0 = Debug|Any CPU
		{90798C9C-E365-4B25-BAB0-878F078D23D3}.Release|Any CPU.ActiveCfg = Release|Any CPU
		{90798C9C-E365-4B25-BAB0-878F078D23D3}.Release|Any CPU.Build.0 = Release|Any CPU
	EndGlobalSection
	GlobalSection(SolutionProperties) = preSolution
		HideSolutionNode = FALSE
	EndGlobalSection
	GlobalSection(ExtensibilityGlobals) = postSolution
		SolutionGuid = {F39CA15D-9822-495D-AF89-AA0FD19B678A}
	EndGlobalSection
EndGlobal
